
Microsoft Visual Studio Solution File, Format Version 12.00
# Visual Studio Version 17
VisualStudioVersion = 17.13.35806.99
MinimumVisualStudioVersion = 10.0.40219.1
Project("{2150E333-8FDC-42A3-9474-1A3956D46DE8}") = "src", "src", "{02EA681E-C7D8-13C7-8484-4AC65E1B71E8}"
EndProject
Project("{2150E333-8FDC-42A3-9474-1A3956D46DE8}") = "tests", "tests", "{0648B7E1-1A95-4722-A3AF-A873980FCE46}"
EndProject
Project("{FAE04EC0-301F-11D3-BF4B-00C04F79EFBC}") = "CashFlow.Api", "src\CashFlow.Api\CashFlow.Api.csproj", "{2C238ACE-2A43-42E5-A71B-5FCA2336AC7A}"
EndProject
Project("{FAE04EC0-301F-11D3-BF4B-00C04F79EFBC}") = "CashFlow.Communication", "src\CashFlow.Communication\CashFlow.Communication.csproj", "{017CD7CB-8A2B-42D3-B7F3-32C759111DA6}"
EndProject
Project("{FAE04EC0-301F-11D3-BF4B-00C04F79EFBC}") = "CashFlow.Application", "src\CashFlow.Application\CashFlow.Application.csproj", "{CF09BA3A-76CE-475F-8B88-90DAF48DD9F7}"
EndProject
Project("{FAE04EC0-301F-11D3-BF4B-00C04F79EFBC}") = "CashFlow.Domain", "src\CashFlow.Domain\CashFlow.Domain.csproj", "{6E90296A-D071-47A9-962A-D4EBE2831ECE}"
EndProject
Project("{FAE04EC0-301F-11D3-BF4B-00C04F79EFBC}") = "CashFlow.Infrastructure", "src\CashFlow.Infrastructure\CashFlow.Infrastructure.csproj", "{C36C2E62-3372-4C84-932D-4C52E8E62288}"
EndProject
Project("{FAE04EC0-301F-11D3-BF4B-00C04F79EFBC}") = "CashFlow.Exception", "src\CashFlow.Exception\CashFlow.Exception.csproj", "{EC177587-F9B1-4790-BA00-DC85378938EC}"
EndProject
Global
	GlobalSection(SolutionConfigurationPlatforms) = preSolution
		Debug|Any CPU = Debug|Any CPU
		Debug|x64 = Debug|x64
		Debug|x86 = Debug|x86
		Release|Any CPU = Release|Any CPU
		Release|x64 = Release|x64
		Release|x86 = Release|x86
	EndGlobalSection
	GlobalSection(ProjectConfigurationPlatforms) = postSolution
		{2C238ACE-2A43-42E5-A71B-5FCA2336AC7A}.Debug|Any CPU.ActiveCfg = Debug|Any CPU
		{2C238ACE-2A43-42E5-A71B-5FCA2336AC7A}.Debug|Any CPU.Build.0 = Debug|Any CPU
		{2C238ACE-2A43-42E5-A71B-5FCA2336AC7A}.Debug|x64.ActiveCfg = Debug|Any CPU
		{2C238ACE-2A43-42E5-A71B-5FCA2336AC7A}.Debug|x64.Build.0 = Debug|Any CPU
		{2C238ACE-2A43-42E5-A71B-5FCA2336AC7A}.Debug|x86.ActiveCfg = Debug|Any CPU
		{2C238ACE-2A43-42E5-A71B-5FCA2336AC7A}.Debug|x86.Build.0 = Debug|Any CPU
		{2C238ACE-2A43-42E5-A71B-5FCA2336AC7A}.Release|Any CPU.ActiveCfg = Release|Any CPU
		{2C238ACE-2A43-42E5-A71B-5FCA2336AC7A}.Release|Any CPU.Build.0 = Release|Any CPU
		{2C238ACE-2A43-42E5-A71B-5FCA2336AC7A}.Release|x64.ActiveCfg = Release|Any CPU
		{2C238ACE-2A43-42E5-A71B-5FCA2336AC7A}.Release|x64.Build.0 = Release|Any CPU
		{2C238ACE-2A43-42E5-A71B-5FCA2336AC7A}.Release|x86.ActiveCfg = Release|Any CPU
		{2C238ACE-2A43-42E5-A71B-5FCA2336AC7A}.Release|x86.Build.0 = Release|Any CPU
		{017CD7CB-8A2B-42D3-B7F3-32C759111DA6}.Debug|Any CPU.ActiveCfg = Debug|Any CPU
		{017CD7CB-8A2B-42D3-B7F3-32C759111DA6}.Debug|Any CPU.Build.0 = Debug|Any CPU
		{017CD7CB-8A2B-42D3-B7F3-32C759111DA6}.Debug|x64.ActiveCfg = Debug|Any CPU
		{017CD7CB-8A2B-42D3-B7F3-32C759111DA6}.Debug|x64.Build.0 = Debug|Any CPU
		{017CD7CB-8A2B-42D3-B7F3-32C759111DA6}.Debug|x86.ActiveCfg = Debug|Any CPU
		{017CD7CB-8A2B-42D3-B7F3-32C759111DA6}.Debug|x86.Build.0 = Debug|Any CPU
		{017CD7CB-8A2B-42D3-B7F3-32C759111DA6}.Release|Any CPU.ActiveCfg = Release|Any CPU
		{017CD7CB-8A2B-42D3-B7F3-32C759111DA6}.Release|Any CPU.Build.0 = Release|Any CPU
		{017CD7CB-8A2B-42D3-B7F3-32C759111DA6}.Release|x64.ActiveCfg = Release|Any CPU
		{017CD7CB-8A2B-42D3-B7F3-32C759111DA6}.Release|x64.Build.0 = Release|Any CPU
		{017CD7CB-8A2B-42D3-B7F3-32C759111DA6}.Release|x86.ActiveCfg = Release|Any CPU
		{017CD7CB-8A2B-42D3-B7F3-32C759111DA6}.Release|x86.Build.0 = Release|Any CPU
		{CF09BA3A-76CE-475F-8B88-90DAF48DD9F7}.Debug|Any CPU.ActiveCfg = Debug|Any CPU
		{CF09BA3A-76CE-475F-8B88-90DAF48DD9F7}.Debug|Any CPU.Build.0 = Debug|Any CPU
		{CF09BA3A-76CE-475F-8B88-90DAF48DD9F7}.Debug|x64.ActiveCfg = Debug|Any CPU
		{CF09BA3A-76CE-475F-8B88-90DAF48DD9F7}.Debug|x64.Build.0 = Debug|Any CPU
		{CF09BA3A-76CE-475F-8B88-90DAF48DD9F7}.Debug|x86.ActiveCfg = Debug|Any CPU
		{CF09BA3A-76CE-475F-8B88-90DAF48DD9F7}.Debug|x86.Build.0 = Debug|Any CPU
		{CF09BA3A-76CE-475F-8B88-90DAF48DD9F7}.Release|Any CPU.ActiveCfg = Release|Any CPU
		{CF09BA3A-76CE-475F-8B88-90DAF48DD9F7}.Release|Any CPU.Build.0 = Release|Any CPU
		{CF09BA3A-76CE-475F-8B88-90DAF48DD9F7}.Release|x64.ActiveCfg = Release|Any CPU
		{CF09BA3A-76CE-475F-8B88-90DAF48DD9F7}.Release|x64.Build.0 = Release|Any CPU
		{CF09BA3A-76CE-475F-8B88-90DAF48DD9F7}.Release|x86.ActiveCfg = Release|Any CPU
		{CF09BA3A-76CE-475F-8B88-90DAF48DD9F7}.Release|x86.Build.0 = Release|Any CPU
		{6E90296A-D071-47A9-962A-D4EBE2831ECE}.Debug|Any CPU.ActiveCfg = Debug|Any CPU
		{6E90296A-D071-47A9-962A-D4EBE2831ECE}.Debug|Any CPU.Build.0 = Debug|Any CPU
		{6E90296A-D071-47A9-962A-D4EBE2831ECE}.Debug|x64.ActiveCfg = Debug|Any CPU
		{6E90296A-D071-47A9-962A-D4EBE2831ECE}.Debug|x64.Build.0 = Debug|Any CPU
		{6E90296A-D071-47A9-962A-D4EBE2831ECE}.Debug|x86.ActiveCfg = Debug|Any CPU
		{6E90296A-D071-47A9-962A-D4EBE2831ECE}.Debug|x86.Build.0 = Debug|Any CPU
		{6E90296A-D071-47A9-962A-D4EBE2831ECE}.Release|Any CPU.ActiveCfg = Release|Any CPU
		{6E90296A-D071-47A9-962A-D4EBE2831ECE}.Release|Any CPU.Build.0 = Release|Any CPU
		{6E90296A-D071-47A9-962A-D4EBE2831ECE}.Release|x64.ActiveCfg = Release|Any CPU
		{6E90296A-D071-47A9-962A-D4EBE2831ECE}.Release|x64.Build.0 = Release|Any CPU
		{6E90296A-D071-47A9-962A-D4EBE2831ECE}.Release|x86.ActiveCfg = Release|Any CPU
		{6E90296A-D071-47A9-962A-D4EBE2831ECE}.Release|x86.Build.0 = Release|Any CPU
		{C36C2E62-3372-4C84-932D-4C52E8E62288}.Debug|Any CPU.ActiveCfg = Debug|Any CPU
		{C36C2E62-3372-4C84-932D-4C52E8E62288}.Debug|Any CPU.Build.0 = Debug|Any CPU
		{C36C2E62-3372-4C84-932D-4C52E8E62288}.Debug|x64.ActiveCfg = Debug|Any CPU
		{C36C2E62-3372-4C84-932D-4C52E8E62288}.Debug|x64.Build.0 = Debug|Any CPU
		{C36C2E62-3372-4C84-932D-4C52E8E62288}.Debug|x86.ActiveCfg = Debug|Any CPU
		{C36C2E62-3372-4C84-932D-4C52E8E62288}.Debug|x86.Build.0 = Debug|Any CPU
		{C36C2E62-3372-4C84-932D-4C52E8E62288}.Release|Any CPU.ActiveCfg = Release|Any CPU
		{C36C2E62-3372-4C84-932D-4C52E8E62288}.Release|Any CPU.Build.0 = Release|Any CPU
		{C36C2E62-3372-4C84-932D-4C52E8E62288}.Release|x64.ActiveCfg = Release|Any CPU
		{C36C2E62-3372-4C84-932D-4C52E8E62288}.Release|x64.Build.0 = Release|Any CPU
		{C36C2E62-3372-4C84-932D-4C52E8E62288}.Release|x86.ActiveCfg = Release|Any CPU
		{C36C2E62-3372-4C84-932D-4C52E8E62288}.Release|x86.Build.0 = Release|Any CPU
		{EC177587-F9B1-4790-BA00-DC85378938EC}.Debug|Any CPU.ActiveCfg = Debug|Any CPU
		{EC177587-F9B1-4790-BA00-DC85378938EC}.Debug|Any CPU.Build.0 = Debug|Any CPU
		{EC177587-F9B1-4790-BA00-DC85378938EC}.Debug|x64.ActiveCfg = Debug|Any CPU
		{EC177587-F9B1-4790-BA00-DC85378938EC}.Debug|x64.Build.0 = Debug|Any CPU
		{EC177587-F9B1-4790-BA00-DC85378938EC}.Debug|x86.ActiveCfg = Debug|Any CPU
		{EC177587-F9B1-4790-BA00-DC85378938EC}.Debug|x86.Build.0 = Debug|Any CPU
		{EC177587-F9B1-4790-BA00-DC85378938EC}.Release|Any CPU.ActiveCfg = Release|Any CPU
		{EC177587-F9B1-4790-BA00-DC85378938EC}.Release|Any CPU.Build.0 = Release|Any CPU
		{EC177587-F9B1-4790-BA00-DC85378938EC}.Release|x64.ActiveCfg = Release|Any CPU
		{EC177587-F9B1-4790-BA00-DC85378938EC}.Release|x64.Build.0 = Release|Any CPU
		{EC177587-F9B1-4790-BA00-DC85378938EC}.Release|x86.ActiveCfg = Release|Any CPU
		{EC177587-F9B1-4790-BA00-DC85378938EC}.Release|x86.Build.0 = Release|Any CPU
	EndGlobalSection
	GlobalSection(SolutionProperties) = preSolution
		HideSolutionNode = FALSE
	EndGlobalSection
	GlobalSection(NestedProjects) = preSolution
		{2C238ACE-2A43-42E5-A71B-5FCA2336AC7A} = {02EA681E-C7D8-13C7-8484-4AC65E1B71E8}
		{017CD7CB-8A2B-42D3-B7F3-32C759111DA6} = {02EA681E-C7D8-13C7-8484-4AC65E1B71E8}
		{CF09BA3A-76CE-475F-8B88-90DAF48DD9F7} = {02EA681E-C7D8-13C7-8484-4AC65E1B71E8}
		{6E90296A-D071-47A9-962A-D4EBE2831ECE} = {02EA681E-C7D8-13C7-8484-4AC65E1B71E8}
		{C36C2E62-3372-4C84-932D-4C52E8E62288} = {02EA681E-C7D8-13C7-8484-4AC65E1B71E8}
		{EC177587-F9B1-4790-BA00-DC85378938EC} = {02EA681E-C7D8-13C7-8484-4AC65E1B71E8}
	EndGlobalSection
	GlobalSection(ExtensibilityGlobals) = postSolution
		SolutionGuid = {9754D4F3-777C-4168-8075-053197CFA7C7}
	EndGlobalSection
EndGlobal
