
Microsoft Visual Studio Solution File, Format Version 12.00
# Visual Studio Version 17
VisualStudioVersion = 17.13.35806.99
MinimumVisualStudioVersion = 10.0.40219.1
Project("{2150E333-8FDC-42A3-9474-1A3956D46DE8}") = "src", "src", "{02EA681E-C7D8-13C7-8484-4AC65E1B71E8}"
EndProject
Project("{2150E333-8FDC-42A3-9474-1A3956D46DE8}") = "tests", "tests", "{0648B7E1-1A95-4722-A3AF-A873980FCE46}"
EndProject
Project("{FAE04EC0-301F-11D3-BF4B-00C04F79EFBC}") = "CashFlow.Api", "src\CashFlow.Api\CashFlow.Api.csproj", "{B9203FD9-6D84-4ACC-B0C4-001F2C7DFB34}"
EndProject
Project("{FAE04EC0-301F-11D3-BF4B-00C04F79EFBC}") = "CashFlow.Domain", "src\CashFlow.Domain\CashFlow.Domain.csproj", "{6350EAE9-CCE9-4FB4-B50F-5514DE464FEB}"
EndProject
Project("{FAE04EC0-301F-11D3-BF4B-00C04F79EFBC}") = "CashFlow.Application", "src\CashFlow.Application\CashFlow.Application.csproj", "{B8AE31C6-9961-42D7-8C9D-3A7032315E25}"
EndProject
Project("{FAE04EC0-301F-11D3-BF4B-00C04F79EFBC}") = "CashFlow.Exception", "src\CashFlow.Exception\CashFlow.Exception.csproj", "{1F0CAA43-8802-4DD3-BFDB-10A0636C8B55}"
EndProject
Project("{FAE04EC0-301F-11D3-BF4B-00C04F79EFBC}") = "CashFlow.Infrastructure", "src\CashFlow.Infrastructure\CashFlow.Infrastructure.csproj", "{C055B731-9957-4C35-8A82-AD5C286A92BB}"
EndProject
Project("{FAE04EC0-301F-11D3-BF4B-00C04F79EFBC}") = "CashFlow.Communication", "src\CashFlow.Communication\CashFlow.Communication.csproj", "{888E1947-E5CA-4377-B4D5-3EAE3FE2138A}"
EndProject
Global
	GlobalSection(SolutionConfigurationPlatforms) = preSolution
		Debug|Any CPU = Debug|Any CPU
		Debug|x64 = Debug|x64
		Debug|x86 = Debug|x86
		Release|Any CPU = Release|Any CPU
		Release|x64 = Release|x64
		Release|x86 = Release|x86
	EndGlobalSection
	GlobalSection(ProjectConfigurationPlatforms) = postSolution
		{B9203FD9-6D84-4ACC-B0C4-001F2C7DFB34}.Debug|Any CPU.ActiveCfg = Debug|Any CPU
		{B9203FD9-6D84-4ACC-B0C4-001F2C7DFB34}.Debug|Any CPU.Build.0 = Debug|Any CPU
		{B9203FD9-6D84-4ACC-B0C4-001F2C7DFB34}.Debug|x64.ActiveCfg = Debug|Any CPU
		{B9203FD9-6D84-4ACC-B0C4-001F2C7DFB34}.Debug|x64.Build.0 = Debug|Any CPU
		{B9203FD9-6D84-4ACC-B0C4-001F2C7DFB34}.Debug|x86.ActiveCfg = Debug|Any CPU
		{B9203FD9-6D84-4ACC-B0C4-001F2C7DFB34}.Debug|x86.Build.0 = Debug|Any CPU
		{B9203FD9-6D84-4ACC-B0C4-001F2C7DFB34}.Release|Any CPU.ActiveCfg = Release|Any CPU
		{B9203FD9-6D84-4ACC-B0C4-001F2C7DFB34}.Release|Any CPU.Build.0 = Release|Any CPU
		{B9203FD9-6D84-4ACC-B0C4-001F2C7DFB34}.Release|x64.ActiveCfg = Release|Any CPU
		{B9203FD9-6D84-4ACC-B0C4-001F2C7DFB34}.Release|x64.Build.0 = Release|Any CPU
		{B9203FD9-6D84-4ACC-B0C4-001F2C7DFB34}.Release|x86.ActiveCfg = Release|Any CPU
		{B9203FD9-6D84-4ACC-B0C4-001F2C7DFB34}.Release|x86.Build.0 = Release|Any CPU
		{6350EAE9-CCE9-4FB4-B50F-5514DE464FEB}.Debug|Any CPU.ActiveCfg = Debug|Any CPU
		{6350EAE9-CCE9-4FB4-B50F-5514DE464FEB}.Debug|Any CPU.Build.0 = Debug|Any CPU
		{6350EAE9-CCE9-4FB4-B50F-5514DE464FEB}.Debug|x64.ActiveCfg = Debug|Any CPU
		{6350EAE9-CCE9-4FB4-B50F-5514DE464FEB}.Debug|x64.Build.0 = Debug|Any CPU
		{6350EAE9-CCE9-4FB4-B50F-5514DE464FEB}.Debug|x86.ActiveCfg = Debug|Any CPU
		{6350EAE9-CCE9-4FB4-B50F-5514DE464FEB}.Debug|x86.Build.0 = Debug|Any CPU
		{6350EAE9-CCE9-4FB4-B50F-5514DE464FEB}.Release|Any CPU.ActiveCfg = Release|Any CPU
		{6350EAE9-CCE9-4FB4-B50F-5514DE464FEB}.Release|Any CPU.Build.0 = Release|Any CPU
		{6350EAE9-CCE9-4FB4-B50F-5514DE464FEB}.Release|x64.ActiveCfg = Release|Any CPU
		{6350EAE9-CCE9-4FB4-B50F-5514DE464FEB}.Release|x64.Build.0 = Release|Any CPU
		{6350EAE9-CCE9-4FB4-B50F-5514DE464FEB}.Release|x86.ActiveCfg = Release|Any CPU
		{6350EAE9-CCE9-4FB4-B50F-5514DE464FEB}.Release|x86.Build.0 = Release|Any CPU
		{B8AE31C6-9961-42D7-8C9D-3A7032315E25}.Debug|Any CPU.ActiveCfg = Debug|Any CPU
		{B8AE31C6-9961-42D7-8C9D-3A7032315E25}.Debug|Any CPU.Build.0 = Debug|Any CPU
		{B8AE31C6-9961-42D7-8C9D-3A7032315E25}.Debug|x64.ActiveCfg = Debug|Any CPU
		{B8AE31C6-9961-42D7-8C9D-3A7032315E25}.Debug|x64.Build.0 = Debug|Any CPU
		{B8AE31C6-9961-42D7-8C9D-3A7032315E25}.Debug|x86.ActiveCfg = Debug|Any CPU
		{B8AE31C6-9961-42D7-8C9D-3A7032315E25}.Debug|x86.Build.0 = Debug|Any CPU
		{B8AE31C6-9961-42D7-8C9D-3A7032315E25}.Release|Any CPU.ActiveCfg = Release|Any CPU
		{B8AE31C6-9961-42D7-8C9D-3A7032315E25}.Release|Any CPU.Build.0 = Release|Any CPU
		{B8AE31C6-9961-42D7-8C9D-3A7032315E25}.Release|x64.ActiveCfg = Release|Any CPU
		{B8AE31C6-9961-42D7-8C9D-3A7032315E25}.Release|x64.Build.0 = Release|Any CPU
		{B8AE31C6-9961-42D7-8C9D-3A7032315E25}.Release|x86.ActiveCfg = Release|Any CPU
		{B8AE31C6-9961-42D7-8C9D-3A7032315E25}.Release|x86.Build.0 = Release|Any CPU
		{1F0CAA43-8802-4DD3-BFDB-10A0636C8B55}.Debug|Any CPU.ActiveCfg = Debug|Any CPU
		{1F0CAA43-8802-4DD3-BFDB-10A0636C8B55}.Debug|Any CPU.Build.0 = Debug|Any CPU
		{1F0CAA43-8802-4DD3-BFDB-10A0636C8B55}.Debug|x64.ActiveCfg = Debug|Any CPU
		{1F0CAA43-8802-4DD3-BFDB-10A0636C8B55}.Debug|x64.Build.0 = Debug|Any CPU
		{1F0CAA43-8802-4DD3-BFDB-10A0636C8B55}.Debug|x86.ActiveCfg = Debug|Any CPU
		{1F0CAA43-8802-4DD3-BFDB-10A0636C8B55}.Debug|x86.Build.0 = Debug|Any CPU
		{1F0CAA43-8802-4DD3-BFDB-10A0636C8B55}.Release|Any CPU.ActiveCfg = Release|Any CPU
		{1F0CAA43-8802-4DD3-BFDB-10A0636C8B55}.Release|Any CPU.Build.0 = Release|Any CPU
		{1F0CAA43-8802-4DD3-BFDB-10A0636C8B55}.Release|x64.ActiveCfg = Release|Any CPU
		{1F0CAA43-8802-4DD3-BFDB-10A0636C8B55}.Release|x64.Build.0 = Release|Any CPU
		{1F0CAA43-8802-4DD3-BFDB-10A0636C8B55}.Release|x86.ActiveCfg = Release|Any CPU
		{1F0CAA43-8802-4DD3-BFDB-10A0636C8B55}.Release|x86.Build.0 = Release|Any CPU
		{C055B731-9957-4C35-8A82-AD5C286A92BB}.Debug|Any CPU.ActiveCfg = Debug|Any CPU
		{C055B731-9957-4C35-8A82-AD5C286A92BB}.Debug|Any CPU.Build.0 = Debug|Any CPU
		{C055B731-9957-4C35-8A82-AD5C286A92BB}.Debug|x64.ActiveCfg = Debug|Any CPU
		{C055B731-9957-4C35-8A82-AD5C286A92BB}.Debug|x64.Build.0 = Debug|Any CPU
		{C055B731-9957-4C35-8A82-AD5C286A92BB}.Debug|x86.ActiveCfg = Debug|Any CPU
		{C055B731-9957-4C35-8A82-AD5C286A92BB}.Debug|x86.Build.0 = Debug|Any CPU
		{C055B731-9957-4C35-8A82-AD5C286A92BB}.Release|Any CPU.ActiveCfg = Release|Any CPU
		{C055B731-9957-4C35-8A82-AD5C286A92BB}.Release|Any CPU.Build.0 = Release|Any CPU
		{C055B731-9957-4C35-8A82-AD5C286A92BB}.Release|x64.ActiveCfg = Release|Any CPU
		{C055B731-9957-4C35-8A82-AD5C286A92BB}.Release|x64.Build.0 = Release|Any CPU
		{C055B731-9957-4C35-8A82-AD5C286A92BB}.Release|x86.ActiveCfg = Release|Any CPU
		{C055B731-9957-4C35-8A82-AD5C286A92BB}.Release|x86.Build.0 = Release|Any CPU
		{888E1947-E5CA-4377-B4D5-3EAE3FE2138A}.Debug|Any CPU.ActiveCfg = Debug|Any CPU
		{888E1947-E5CA-4377-B4D5-3EAE3FE2138A}.Debug|Any CPU.Build.0 = Debug|Any CPU
		{888E1947-E5CA-4377-B4D5-3EAE3FE2138A}.Debug|x64.ActiveCfg = Debug|Any CPU
		{888E1947-E5CA-4377-B4D5-3EAE3FE2138A}.Debug|x64.Build.0 = Debug|Any CPU
		{888E1947-E5CA-4377-B4D5-3EAE3FE2138A}.Debug|x86.ActiveCfg = Debug|Any CPU
		{888E1947-E5CA-4377-B4D5-3EAE3FE2138A}.Debug|x86.Build.0 = Debug|Any CPU
		{888E1947-E5CA-4377-B4D5-3EAE3FE2138A}.Release|Any CPU.ActiveCfg = Release|Any CPU
		{888E1947-E5CA-4377-B4D5-3EAE3FE2138A}.Release|Any CPU.Build.0 = Release|Any CPU
		{888E1947-E5CA-4377-B4D5-3EAE3FE2138A}.Release|x64.ActiveCfg = Release|Any CPU
		{888E1947-E5CA-4377-B4D5-3EAE3FE2138A}.Release|x64.Build.0 = Release|Any CPU
		{888E1947-E5CA-4377-B4D5-3EAE3FE2138A}.Release|x86.ActiveCfg = Release|Any CPU
		{888E1947-E5CA-4377-B4D5-3EAE3FE2138A}.Release|x86.Build.0 = Release|Any CPU
	EndGlobalSection
	GlobalSection(SolutionProperties) = preSolution
		HideSolutionNode = FALSE
	EndGlobalSection
	GlobalSection(NestedProjects) = preSolution
		{B9203FD9-6D84-4ACC-B0C4-001F2C7DFB34} = {02EA681E-C7D8-13C7-8484-4AC65E1B71E8}
		{6350EAE9-CCE9-4FB4-B50F-5514DE464FEB} = {02EA681E-C7D8-13C7-8484-4AC65E1B71E8}
		{B8AE31C6-9961-42D7-8C9D-3A7032315E25} = {02EA681E-C7D8-13C7-8484-4AC65E1B71E8}
		{1F0CAA43-8802-4DD3-BFDB-10A0636C8B55} = {02EA681E-C7D8-13C7-8484-4AC65E1B71E8}
		{C055B731-9957-4C35-8A82-AD5C286A92BB} = {02EA681E-C7D8-13C7-8484-4AC65E1B71E8}
		{888E1947-E5CA-4377-B4D5-3EAE3FE2138A} = {02EA681E-C7D8-13C7-8484-4AC65E1B71E8}
	EndGlobalSection
	GlobalSection(ExtensibilityGlobals) = postSolution
		SolutionGuid = {9754D4F3-777C-4168-8075-053197CFA7C7}
	EndGlobalSection
EndGlobal
